
Microsoft Visual Studio Solution File, Format Version 12.00
# Visual Studio 15
VisualStudioVersion = 15.0.28307.1705
MinimumVisualStudioVersion = 10.0.40219.1
Project("{FAE04EC0-301F-11D3-BF4B-00C04F79EFBC}") = "MyNotepad", "MyNotepad\MyNotepad.csproj", "{96767E06-12C6-4F55-9DE2-13BD191AF856}"
EndProject
Global
	GlobalSection(SolutionConfigurationPlatforms) = preSolution
		Debug|Any CPU = Debug|Any CPU
		Release|Any CPU = Release|Any CPU
	EndGlobalSection
	GlobalSection(ProjectConfigurationPlatforms) = postSolution
		{96767E06-12C6-4F55-9DE2-13BD191AF856}.Debug|Any CPU.ActiveCfg = Debug|Any CPU
		{96767E06-12C6-4F55-9DE2-13BD191AF856}.Debug|Any CPU.Build.0 = Debug|Any CPU
		{96767E06-12C6-4F55-9DE2-13BD191AF856}.Release|Any CPU.ActiveCfg = Release|Any CPU
		{96767E06-12C6-4F55-9DE2-13BD191AF856}.Release|Any CPU.Build.0 = Release|Any CPU
	EndGlobalSection
	GlobalSection(SolutionProperties) = preSolution
		HideSolutionNode = FALSE
	EndGlobalSection
	GlobalSection(ExtensibilityGlobals) = postSolution
		SolutionGuid = {A18A9D4A-4CCF-4DC3-8147-EA7774018B8C}
	EndGlobalSection
EndGlobal
